
Microsoft Visual Studio Solution File, Format Version 12.00
# Visual Studio Version 16
VisualStudioVersion = 16.0.30320.27
MinimumVisualStudioVersion = 10.0.40219.1
Project("{2150E333-8FDC-42A3-9474-1A3956D46DE8}") = "Services", "Services", "{895284D9-E1D7-4160-B60A-EFDD66FF545F}"
EndProject
Project("{9A19103F-16F7-4668-BE54-9A1E7A4F7556}") = "EGift.Services.Merchants", "EGift.Services.Merchants\EGift.Services.Merchants.csproj", "{56E1229E-2590-4ACF-AD78-E7B68745E6E4}"
EndProject
Project("{2150E333-8FDC-42A3-9474-1A3956D46DE8}") = "Merchant", "Merchant", "{4F3DFF0B-A9E6-474F-90C2-F25D89F03DF9}"
EndProject
Project("{9A19103F-16F7-4668-BE54-9A1E7A4F7556}") = "EGift.Services.Merchants.Tests", "EGift.Services.Merchants.Tests\EGift.Services.Merchants.Tests.csproj", "{A932D938-7D92-4C97-8508-93FCCCEA275D}"
EndProject
Project("{9A19103F-16F7-4668-BE54-9A1E7A4F7556}") = "EGift.Infrastructure", "EGift.Infrastructure\EGift.Infrastructure.csproj", "{D702FFD5-ADA0-4ABA-B246-2A661A3A22EF}"
EndProject
Project("{2150E333-8FDC-42A3-9474-1A3956D46DE8}") = "Infrastructure", "Infrastructure", "{344F9DD2-7873-471B-98C8-95ADD6FE24CB}"
EndProject
Project("{00D1A9C2-B5F0-4AF3-8072-F6C62B433612}") = "eGIFT.Data", "EGift.Data\eGIFT.Data.sqlproj", "{A7544470-768A-464D-B0BD-7F65DBF52A3E}"
EndProject
Project("{9A19103F-16F7-4668-BE54-9A1E7A4F7556}") = "EGift.Api", "EGift.Api\EGift.Api.csproj", "{B08216B8-8016-444A-B299-D8F979EE64D7}"
EndProject
Project("{2150E333-8FDC-42A3-9474-1A3956D46DE8}") = "Api", "Api", "{C1012185-200C-4122-8D84-C0AEF91E4729}"
EndProject
Project("{2150E333-8FDC-42A3-9474-1A3956D46DE8}") = "Order", "Order", "{73D85B3F-2504-4A7F-980F-D58C6BA812F1}"
EndProject
Project("{9A19103F-16F7-4668-BE54-9A1E7A4F7556}") = "EGift.Services.Orders", "EGift.Services.Orders\EGift.Services.Orders.csproj", "{3F629F9D-E0F7-42A3-96BC-4960152BD815}"
EndProject
Project("{9A19103F-16F7-4668-BE54-9A1E7A4F7556}") = "EGift.Services.Orders.Tests", "EGift.Services.Orders.Tests\EGift.Services.Orders.Tests.csproj", "{0AE69E60-8A60-4613-B9AC-DE621D32257A}"
EndProject
Project("{9A19103F-16F7-4668-BE54-9A1E7A4F7556}") = "EGift.Infrastructure.Tests", "EGift.Infrastructure.Tests\EGift.Infrastructure.Tests.csproj", "{4D4DA4F0-32FD-4550-9CC8-F6F3AC65AB11}"
EndProject
Project("{2150E333-8FDC-42A3-9474-1A3956D46DE8}") = "Email", "Email", "{731E3733-7FE0-47EC-904C-993CC4DC014D}"
EndProject
Project("{FAE04EC0-301F-11D3-BF4B-00C04F79EFBC}") = "EGift.Services.Email", "EGift.Services.Email\EGift.Services.Email.csproj", "{1616F056-8796-4987-BACA-669F65F9B573}"
EndProject
Project("{FAE04EC0-301F-11D3-BF4B-00C04F79EFBC}") = "EGift.Services.Email.Tests", "EGift.Services.Email.Tests\EGift.Services.Email.Tests.csproj", "{1931FA54-986F-49E8-AF10-0214A35553AE}"
EndProject
Global
	GlobalSection(SolutionConfigurationPlatforms) = preSolution
		Debug|Any CPU = Debug|Any CPU
		Release|Any CPU = Release|Any CPU
	EndGlobalSection
	GlobalSection(ProjectConfigurationPlatforms) = postSolution
		{56E1229E-2590-4ACF-AD78-E7B68745E6E4}.Debug|Any CPU.ActiveCfg = Debug|Any CPU
		{56E1229E-2590-4ACF-AD78-E7B68745E6E4}.Debug|Any CPU.Build.0 = Debug|Any CPU
		{56E1229E-2590-4ACF-AD78-E7B68745E6E4}.Release|Any CPU.ActiveCfg = Release|Any CPU
		{56E1229E-2590-4ACF-AD78-E7B68745E6E4}.Release|Any CPU.Build.0 = Release|Any CPU
		{A932D938-7D92-4C97-8508-93FCCCEA275D}.Debug|Any CPU.ActiveCfg = Debug|Any CPU
		{A932D938-7D92-4C97-8508-93FCCCEA275D}.Debug|Any CPU.Build.0 = Debug|Any CPU
		{A932D938-7D92-4C97-8508-93FCCCEA275D}.Release|Any CPU.ActiveCfg = Release|Any CPU
		{A932D938-7D92-4C97-8508-93FCCCEA275D}.Release|Any CPU.Build.0 = Release|Any CPU
		{D702FFD5-ADA0-4ABA-B246-2A661A3A22EF}.Debug|Any CPU.ActiveCfg = Debug|Any CPU
		{D702FFD5-ADA0-4ABA-B246-2A661A3A22EF}.Debug|Any CPU.Build.0 = Debug|Any CPU
		{D702FFD5-ADA0-4ABA-B246-2A661A3A22EF}.Release|Any CPU.ActiveCfg = Release|Any CPU
		{D702FFD5-ADA0-4ABA-B246-2A661A3A22EF}.Release|Any CPU.Build.0 = Release|Any CPU
		{A7544470-768A-464D-B0BD-7F65DBF52A3E}.Debug|Any CPU.ActiveCfg = Debug|Any CPU
		{A7544470-768A-464D-B0BD-7F65DBF52A3E}.Debug|Any CPU.Build.0 = Debug|Any CPU
		{A7544470-768A-464D-B0BD-7F65DBF52A3E}.Debug|Any CPU.Deploy.0 = Debug|Any CPU
		{A7544470-768A-464D-B0BD-7F65DBF52A3E}.Release|Any CPU.ActiveCfg = Release|Any CPU
		{A7544470-768A-464D-B0BD-7F65DBF52A3E}.Release|Any CPU.Build.0 = Release|Any CPU
		{A7544470-768A-464D-B0BD-7F65DBF52A3E}.Release|Any CPU.Deploy.0 = Release|Any CPU
		{B08216B8-8016-444A-B299-D8F979EE64D7}.Debug|Any CPU.ActiveCfg = Debug|Any CPU
		{B08216B8-8016-444A-B299-D8F979EE64D7}.Debug|Any CPU.Build.0 = Debug|Any CPU
		{B08216B8-8016-444A-B299-D8F979EE64D7}.Release|Any CPU.ActiveCfg = Release|Any CPU
		{B08216B8-8016-444A-B299-D8F979EE64D7}.Release|Any CPU.Build.0 = Release|Any CPU
		{3F629F9D-E0F7-42A3-96BC-4960152BD815}.Debug|Any CPU.ActiveCfg = Debug|Any CPU
		{3F629F9D-E0F7-42A3-96BC-4960152BD815}.Debug|Any CPU.Build.0 = Debug|Any CPU
		{3F629F9D-E0F7-42A3-96BC-4960152BD815}.Release|Any CPU.ActiveCfg = Release|Any CPU
		{3F629F9D-E0F7-42A3-96BC-4960152BD815}.Release|Any CPU.Build.0 = Release|Any CPU
		{0AE69E60-8A60-4613-B9AC-DE621D32257A}.Debug|Any CPU.ActiveCfg = Debug|Any CPU
		{0AE69E60-8A60-4613-B9AC-DE621D32257A}.Debug|Any CPU.Build.0 = Debug|Any CPU
		{0AE69E60-8A60-4613-B9AC-DE621D32257A}.Release|Any CPU.ActiveCfg = Release|Any CPU
		{0AE69E60-8A60-4613-B9AC-DE621D32257A}.Release|Any CPU.Build.0 = Release|Any CPU
		{4D4DA4F0-32FD-4550-9CC8-F6F3AC65AB11}.Debug|Any CPU.ActiveCfg = Debug|Any CPU
		{4D4DA4F0-32FD-4550-9CC8-F6F3AC65AB11}.Debug|Any CPU.Build.0 = Debug|Any CPU
		{4D4DA4F0-32FD-4550-9CC8-F6F3AC65AB11}.Release|Any CPU.ActiveCfg = Release|Any CPU
		{4D4DA4F0-32FD-4550-9CC8-F6F3AC65AB11}.Release|Any CPU.Build.0 = Release|Any CPU
		{1616F056-8796-4987-BACA-669F65F9B573}.Debug|Any CPU.ActiveCfg = Debug|Any CPU
		{1616F056-8796-4987-BACA-669F65F9B573}.Debug|Any CPU.Build.0 = Debug|Any CPU
		{1616F056-8796-4987-BACA-669F65F9B573}.Release|Any CPU.ActiveCfg = Release|Any CPU
		{1616F056-8796-4987-BACA-669F65F9B573}.Release|Any CPU.Build.0 = Release|Any CPU
		{1931FA54-986F-49E8-AF10-0214A35553AE}.Debug|Any CPU.ActiveCfg = Debug|Any CPU
		{1931FA54-986F-49E8-AF10-0214A35553AE}.Debug|Any CPU.Build.0 = Debug|Any CPU
		{1931FA54-986F-49E8-AF10-0214A35553AE}.Release|Any CPU.ActiveCfg = Release|Any CPU
		{1931FA54-986F-49E8-AF10-0214A35553AE}.Release|Any CPU.Build.0 = Release|Any CPU
	EndGlobalSection
	GlobalSection(SolutionProperties) = preSolution
		HideSolutionNode = FALSE
	EndGlobalSection
	GlobalSection(NestedProjects) = preSolution
		{56E1229E-2590-4ACF-AD78-E7B68745E6E4} = {4F3DFF0B-A9E6-474F-90C2-F25D89F03DF9}
		{4F3DFF0B-A9E6-474F-90C2-F25D89F03DF9} = {895284D9-E1D7-4160-B60A-EFDD66FF545F}
		{A932D938-7D92-4C97-8508-93FCCCEA275D} = {4F3DFF0B-A9E6-474F-90C2-F25D89F03DF9}
		{D702FFD5-ADA0-4ABA-B246-2A661A3A22EF} = {344F9DD2-7873-471B-98C8-95ADD6FE24CB}
		{A7544470-768A-464D-B0BD-7F65DBF52A3E} = {344F9DD2-7873-471B-98C8-95ADD6FE24CB}
		{B08216B8-8016-444A-B299-D8F979EE64D7} = {C1012185-200C-4122-8D84-C0AEF91E4729}
		{73D85B3F-2504-4A7F-980F-D58C6BA812F1} = {895284D9-E1D7-4160-B60A-EFDD66FF545F}
		{3F629F9D-E0F7-42A3-96BC-4960152BD815} = {73D85B3F-2504-4A7F-980F-D58C6BA812F1}
		{0AE69E60-8A60-4613-B9AC-DE621D32257A} = {73D85B3F-2504-4A7F-980F-D58C6BA812F1}
		{4D4DA4F0-32FD-4550-9CC8-F6F3AC65AB11} = {344F9DD2-7873-471B-98C8-95ADD6FE24CB}
		{731E3733-7FE0-47EC-904C-993CC4DC014D} = {895284D9-E1D7-4160-B60A-EFDD66FF545F}
		{1616F056-8796-4987-BACA-669F65F9B573} = {731E3733-7FE0-47EC-904C-993CC4DC014D}
		{1931FA54-986F-49E8-AF10-0214A35553AE} = {731E3733-7FE0-47EC-904C-993CC4DC014D}
	EndGlobalSection
	GlobalSection(ExtensibilityGlobals) = postSolution
		SolutionGuid = {81166AF0-F54C-4CEC-B679-7FE12C1AF92A}
	EndGlobalSection
EndGlobal
